{
  "pins" : [
    {
      "identity" : "charts",
      "kind" : "remoteSourceControl",
      "location" : "https://github.com/danielgindi/Charts.git",
      "state" : {
        "revision" : "0a229f8c914b0ec93798cee058cf75b339297513",
        "version" : "5.0.0"
      }
    },
    {
      "identity" : "stockapplogic",
      "kind" : "remoteSourceControl",
      "location" : "https://github.com/jgulkowsky/StockAppLogic.git",
      "state" : {
        "branch" : "feature/add-swift-ui-version",
        "revision" : "fe055b68c3239285f9660ea383e5cc6670100220"
      }
    }
  ],
  "version" : 2
}
