{
  "pins" : [
    {
      "identity" : "charts",
      "kind" : "remoteSourceControl",
      "location" : "https://github.com/danielgindi/Charts.git",
      "state" : {
        "revision" : "0a229f8c914b0ec93798cee058cf75b339297513",
        "version" : "5.0.0"
      }
    },
    {
      "identity" : "stockapplogic",
      "kind" : "remoteSourceControl",
      "location" : "https://github.com/jgulkowsky/StockAppLogic.git",
      "state" : {
        "revision" : "815746f8f71008dc178893817427cd037d821bda",
        "version" : "2.0.0"
      }
    }
  ],
  "version" : 2
}
