{
  "pins" : [
    {
      "identity" : "stockapplogic",
      "kind" : "remoteSourceControl",
      "location" : "https://github.com/jgulkowsky/StockAppLogic.git",
      "state" : {
        "branch" : "feature/add-swift-ui-version",
        "revision" : "fe055b68c3239285f9660ea383e5cc6670100220"
      }
    }
  ],
  "version" : 2
}
